
Microsoft Visual Studio Solution File, Format Version 12.00
# Visual Studio Version 17
VisualStudioVersion = 17.8.34330.188
MinimumVisualStudioVersion = 10.0.40219.1
Project("{8BC9CEB8-8B4A-11D0-8D11-00A0C91BC942}") = "EngineBase", "EngineBase\EngineBase.vcxproj", "{CDC8154F-0EAD-419B-9991-416BCAD55C78}"
EndProject
Project("{8BC9CEB8-8B4A-11D0-8D11-00A0C91BC942}") = "EngineCore", "EngineCore\EngineCore.vcxproj", "{C5E27CBD-58E5-4AED-91CE-96506DDF1EB6}"
EndProject
Project("{2150E333-8FDC-42A3-9474-1A3956D46DE8}") = "Level0", "Level0", "{F592EB2C-E7C0-4383-9F1F-730EB9C84BC0}"
EndProject
Project("{2150E333-8FDC-42A3-9474-1A3956D46DE8}") = "Level3", "Level3", "{D65FEA5F-AAD4-4CFE-8E14-751EA23B9B96}"
EndProject
Project("{2150E333-8FDC-42A3-9474-1A3956D46DE8}") = "Level4", "Level4", "{2EE0A2B0-F479-42CD-8455-5C0FEEF2106B}"
EndProject
Project("{2150E333-8FDC-42A3-9474-1A3956D46DE8}") = "Level1", "Level1", "{FAA893F1-8891-48D2-99A0-052EBD69D5BF}"
EndProject
Project("{2150E333-8FDC-42A3-9474-1A3956D46DE8}") = "Level2", "Level2", "{4A56E903-9454-4E5A-A307-1597290A4FCF}"
EndProject
Project("{8BC9CEB8-8B4A-11D0-8D11-00A0C91BC942}") = "EnginePlatform", "EnginePlatform\EnginePlatform.vcxproj", "{84A7BF2F-44C3-4108-8022-496086577496}"
EndProject
Project("{8BC9CEB8-8B4A-11D0-8D11-00A0C91BC942}") = "Ristar", "Ristar\Ristar.vcxproj", "{96319A81-792A-471B-B6B3-BE0C4F1B3399}"
EndProject
Project("{8BC9CEB8-8B4A-11D0-8D11-00A0C91BC942}") = "Ristar_Contents", "Ristar_Contents\Ristar_Contents.vcxproj", "{ED97047E-AA94-402F-93EA-14A6C3187086}"
EndProject
Global
	GlobalSection(SolutionConfigurationPlatforms) = preSolution
		Debug|x64 = Debug|x64
		Debug|x86 = Debug|x86
		Release|x64 = Release|x64
		Release|x86 = Release|x86
	EndGlobalSection
	GlobalSection(ProjectConfigurationPlatforms) = postSolution
		{CDC8154F-0EAD-419B-9991-416BCAD55C78}.Debug|x64.ActiveCfg = Debug|x64
		{CDC8154F-0EAD-419B-9991-416BCAD55C78}.Debug|x64.Build.0 = Debug|x64
		{CDC8154F-0EAD-419B-9991-416BCAD55C78}.Debug|x86.ActiveCfg = Debug|Win32
		{CDC8154F-0EAD-419B-9991-416BCAD55C78}.Debug|x86.Build.0 = Debug|Win32
		{CDC8154F-0EAD-419B-9991-416BCAD55C78}.Release|x64.ActiveCfg = Release|x64
		{CDC8154F-0EAD-419B-9991-416BCAD55C78}.Release|x64.Build.0 = Release|x64
		{CDC8154F-0EAD-419B-9991-416BCAD55C78}.Release|x86.ActiveCfg = Release|Win32
		{CDC8154F-0EAD-419B-9991-416BCAD55C78}.Release|x86.Build.0 = Release|Win32
		{C5E27CBD-58E5-4AED-91CE-96506DDF1EB6}.Debug|x64.ActiveCfg = Debug|x64
		{C5E27CBD-58E5-4AED-91CE-96506DDF1EB6}.Debug|x64.Build.0 = Debug|x64
		{C5E27CBD-58E5-4AED-91CE-96506DDF1EB6}.Debug|x86.ActiveCfg = Debug|Win32
		{C5E27CBD-58E5-4AED-91CE-96506DDF1EB6}.Debug|x86.Build.0 = Debug|Win32
		{C5E27CBD-58E5-4AED-91CE-96506DDF1EB6}.Release|x64.ActiveCfg = Release|x64
		{C5E27CBD-58E5-4AED-91CE-96506DDF1EB6}.Release|x64.Build.0 = Release|x64
		{C5E27CBD-58E5-4AED-91CE-96506DDF1EB6}.Release|x86.ActiveCfg = Release|Win32
		{C5E27CBD-58E5-4AED-91CE-96506DDF1EB6}.Release|x86.Build.0 = Release|Win32
		{84A7BF2F-44C3-4108-8022-496086577496}.Debug|x64.ActiveCfg = Debug|x64
		{84A7BF2F-44C3-4108-8022-496086577496}.Debug|x64.Build.0 = Debug|x64
		{84A7BF2F-44C3-4108-8022-496086577496}.Debug|x86.ActiveCfg = Debug|Win32
		{84A7BF2F-44C3-4108-8022-496086577496}.Debug|x86.Build.0 = Debug|Win32
		{84A7BF2F-44C3-4108-8022-496086577496}.Release|x64.ActiveCfg = Release|x64
		{84A7BF2F-44C3-4108-8022-496086577496}.Release|x64.Build.0 = Release|x64
		{84A7BF2F-44C3-4108-8022-496086577496}.Release|x86.ActiveCfg = Release|Win32
		{84A7BF2F-44C3-4108-8022-496086577496}.Release|x86.Build.0 = Release|Win32
		{96319A81-792A-471B-B6B3-BE0C4F1B3399}.Debug|x64.ActiveCfg = Debug|x64
		{96319A81-792A-471B-B6B3-BE0C4F1B3399}.Debug|x64.Build.0 = Debug|x64
		{96319A81-792A-471B-B6B3-BE0C4F1B3399}.Debug|x86.ActiveCfg = Debug|Win32
		{96319A81-792A-471B-B6B3-BE0C4F1B3399}.Debug|x86.Build.0 = Debug|Win32
		{96319A81-792A-471B-B6B3-BE0C4F1B3399}.Release|x64.ActiveCfg = Release|x64
		{96319A81-792A-471B-B6B3-BE0C4F1B3399}.Release|x64.Build.0 = Release|x64
		{96319A81-792A-471B-B6B3-BE0C4F1B3399}.Release|x86.ActiveCfg = Release|Win32
		{96319A81-792A-471B-B6B3-BE0C4F1B3399}.Release|x86.Build.0 = Release|Win32
		{ED97047E-AA94-402F-93EA-14A6C3187086}.Debug|x64.ActiveCfg = Debug|x64
		{ED97047E-AA94-402F-93EA-14A6C3187086}.Debug|x64.Build.0 = Debug|x64
		{ED97047E-AA94-402F-93EA-14A6C3187086}.Debug|x86.ActiveCfg = Debug|Win32
		{ED97047E-AA94-402F-93EA-14A6C3187086}.Debug|x86.Build.0 = Debug|Win32
		{ED97047E-AA94-402F-93EA-14A6C3187086}.Release|x64.ActiveCfg = Release|x64
		{ED97047E-AA94-402F-93EA-14A6C3187086}.Release|x64.Build.0 = Release|x64
		{ED97047E-AA94-402F-93EA-14A6C3187086}.Release|x86.ActiveCfg = Release|Win32
		{ED97047E-AA94-402F-93EA-14A6C3187086}.Release|x86.Build.0 = Release|Win32
	EndGlobalSection
	GlobalSection(SolutionProperties) = preSolution
		HideSolutionNode = FALSE
	EndGlobalSection
	GlobalSection(NestedProjects) = preSolution
		{CDC8154F-0EAD-419B-9991-416BCAD55C78} = {F592EB2C-E7C0-4383-9F1F-730EB9C84BC0}
		{C5E27CBD-58E5-4AED-91CE-96506DDF1EB6} = {4A56E903-9454-4E5A-A307-1597290A4FCF}
		{84A7BF2F-44C3-4108-8022-496086577496} = {FAA893F1-8891-48D2-99A0-052EBD69D5BF}
		{96319A81-792A-471B-B6B3-BE0C4F1B3399} = {2EE0A2B0-F479-42CD-8455-5C0FEEF2106B}
		{ED97047E-AA94-402F-93EA-14A6C3187086} = {D65FEA5F-AAD4-4CFE-8E14-751EA23B9B96}
	EndGlobalSection
	GlobalSection(ExtensibilityGlobals) = postSolution
		SolutionGuid = {319286BD-538D-4673-BDB2-689831842642}
	EndGlobalSection
EndGlobal
