<?xml version="1.0" encoding="utf-8"?>
<Project ToolsVersion="4.0" xmlns="http://schemas.microsoft.com/developer/msbuild/2003">
  <ItemGroup>
    <Filter Include="RistarPlayLevel">
      <UniqueIdentifier>{07a3e6a2-04e1-4eec-bc5b-eb6c0b44c329}</UniqueIdentifier>
    </Filter>
    <Filter Include="RistarTitle">
      <UniqueIdentifier>{d1d085e8-1228-40a8-943e-a5e58d89dd02}</UniqueIdentifier>
    </Filter>
    <Filter Include="RistarTitle\Actor">
      <UniqueIdentifier>{023fb838-a4f5-4a09-82d9-b4eed1823f32}</UniqueIdentifier>
    </Filter>
    <Filter Include="TestCode">
      <UniqueIdentifier>{a28158a1-b38c-4fef-b7b7-1f367508f896}</UniqueIdentifier>
    </Filter>
    <Filter Include="TestCode\ContentEXCore">
      <UniqueIdentifier>{b31e5a21-e169-4890-891b-8257c3afffb1}</UniqueIdentifier>
    </Filter>
    <Filter Include="TestCode\Object_Test">
      <UniqueIdentifier>{3f513a82-7551-4271-8da3-dce846a25ff8}</UniqueIdentifier>
    </Filter>
    <Filter Include="TestCode\Object_Test\PlayLevel">
      <UniqueIdentifier>{792094c0-2644-4315-b2e4-ea72a3ccc2a6}</UniqueIdentifier>
    </Filter>
    <Filter Include="TestCode\Object_Test\TitleLevel">
      <UniqueIdentifier>{a1cfb873-7809-40b0-8842-6da647905d4f}</UniqueIdentifier>
    </Filter>
    <Filter Include="TestCode\Object_Test\TitleLevel\Actor">
      <UniqueIdentifier>{0f5a7a74-8865-4565-bd9d-d97bbcfd30e7}</UniqueIdentifier>
    </Filter>
  </ItemGroup>
  <ItemGroup>
    <ClInclude Include="ContentExCore.h">
      <Filter>TestCode\ContentEXCore</Filter>
    </ClInclude>
    <ClInclude Include="TestTitleLevel.h">
      <Filter>TestCode\Object_Test\TitleLevel</Filter>
    </ClInclude>
    <ClInclude Include="TestPlayLevel.h">
      <Filter>TestCode\Object_Test\PlayLevel</Filter>
    </ClInclude>
    <ClInclude Include="TestTitleLogo.h">
      <Filter>TestCode\Object_Test\TitleLevel\Actor</Filter>
    </ClInclude>
    <ClInclude Include="TestPlayer.h">
      <Filter>TestCode\Object_Test\PlayLevel</Filter>
    </ClInclude>
    <ClInclude Include="ContentsHelper.h">
      <Filter>TestCode\ContentEXCore</Filter>
    </ClInclude>
  </ItemGroup>
  <ItemGroup>
    <ClCompile Include="ContentExCore.cpp">
      <Filter>TestCode\ContentEXCore</Filter>
    </ClCompile>
    <ClCompile Include="TestTitleLevel.cpp">
      <Filter>TestCode\Object_Test\TitleLevel</Filter>
    </ClCompile>
    <ClCompile Include="TestPlayLevel.cpp">
      <Filter>TestCode\Object_Test\PlayLevel</Filter>
    </ClCompile>
    <ClCompile Include="TestTitleLogo.cpp">
      <Filter>TestCode\Object_Test\TitleLevel\Actor</Filter>
    </ClCompile>
    <ClCompile Include="TestPlayer.cpp">
      <Filter>TestCode\Object_Test\PlayLevel</Filter>
    </ClCompile>
    <ClCompile Include="ContentsHelper.cpp">
      <Filter>TestCode\ContentEXCore</Filter>
    </ClCompile>
  </ItemGroup>
</Project>