<?xml version="1.0" encoding="utf-8"?>
<Project ToolsVersion="4.0" xmlns="http://schemas.microsoft.com/developer/msbuild/2003">
  <ItemGroup>
    <Filter Include="Object">
      <UniqueIdentifier>{ca17a187-f299-44d2-bdfe-cb19513364ad}</UniqueIdentifier>
    </Filter>
    <Filter Include="Object\PlayLevel">
      <UniqueIdentifier>{bfbb0aa6-4632-45c9-a962-7f770684c618}</UniqueIdentifier>
    </Filter>
    <Filter Include="Object\PlayLevel\Actor">
      <UniqueIdentifier>{7c773f1e-0555-47dc-8367-783b32db6f07}</UniqueIdentifier>
    </Filter>
    <Filter Include="Object\PlayLevel\Actor\Map%28BackGround%29">
      <UniqueIdentifier>{754dea4d-59d9-4be4-a17a-d06cc68ceb1d}</UniqueIdentifier>
    </Filter>
    <Filter Include="Object\PlayLevel\Actor\Mario%28Player%29">
      <UniqueIdentifier>{3e8c4f9e-d6fc-4ac2-9139-665a1007373c}</UniqueIdentifier>
    </Filter>
    <Filter Include="Object\PlayLevel\Actor\Monster">
      <UniqueIdentifier>{2f9af87b-5589-453f-864d-467c87ad7226}</UniqueIdentifier>
    </Filter>
    <Filter Include="TestLevel">
      <UniqueIdentifier>{e688cef4-96b1-44a6-aa89-51e1e1c31ae9}</UniqueIdentifier>
    </Filter>
    <Filter Include="ContentsCore &amp; Physics">
      <UniqueIdentifier>{c8b8b54f-b951-4199-8c87-405c78656865}</UniqueIdentifier>
    </Filter>
    <Filter Include="ContentsCore &amp; Physics\Physics">
      <UniqueIdentifier>{6fb4ba05-88ec-4e47-b73c-0a14ae78bca8}</UniqueIdentifier>
    </Filter>
    <Filter Include="ObjectStateController">
      <UniqueIdentifier>{8b6868f4-7d7f-494d-9c86-dbbd536fd27c}</UniqueIdentifier>
    </Filter>
    <Filter Include="Object\Title &amp; Ending Level">
      <UniqueIdentifier>{2974c071-3fe6-40cc-9905-80cf27fc01eb}</UniqueIdentifier>
    </Filter>
    <Filter Include="Object\Title &amp; Ending Level\TitleLevel">
      <UniqueIdentifier>{dc78c9ae-78e3-4866-9041-2299e71297e5}</UniqueIdentifier>
    </Filter>
    <Filter Include="Object\Title &amp; Ending Level\TitleLevel\Actor">
      <UniqueIdentifier>{2ea00fd6-0ec6-494d-9c30-a069da257253}</UniqueIdentifier>
    </Filter>
    <Filter Include="Object\PlayLevel\Actor\Monster\MonsterController">
      <UniqueIdentifier>{b4a3fd68-a1fb-4f66-adfa-98954bb2a39d}</UniqueIdentifier>
    </Filter>
  </ItemGroup>
  <ItemGroup>
    <ClCompile Include="ContentsHelper.cpp">
      <Filter>ContentsCore &amp; Physics</Filter>
    </ClCompile>
    <ClCompile Include="ContentsCore.cpp">
      <Filter>ContentsCore &amp; Physics</Filter>
    </ClCompile>
    <ClCompile Include="TitleLogo.cpp">
      <Filter>Object\Title &amp; Ending Level\TitleLevel\Actor</Filter>
    </ClCompile>
    <ClCompile Include="PlayLevel.cpp">
      <Filter>Object\PlayLevel</Filter>
    </ClCompile>
    <ClCompile Include="MarioMap.cpp">
      <Filter>Object\PlayLevel\Actor\Map%28BackGround%29</Filter>
    </ClCompile>
    <ClCompile Include="Mario.cpp">
      <Filter>Object\PlayLevel\Actor\Mario%28Player%29</Filter>
    </ClCompile>
    <ClCompile Include="Goomba.cpp">
      <Filter>Object\PlayLevel\Actor\Monster</Filter>
    </ClCompile>
    <ClCompile Include="Troopa.cpp">
      <Filter>Object\PlayLevel\Actor\Monster</Filter>
    </ClCompile>
    <ClCompile Include="TitleLevel.cpp">
      <Filter>Object\Title &amp; Ending Level\TitleLevel</Filter>
    </ClCompile>
    <ClCompile Include="GoombaDark.cpp">
      <Filter>Object\PlayLevel\Actor\Monster</Filter>
    </ClCompile>
    <ClCompile Include="Monster.cpp">
      <Filter>Object\PlayLevel\Actor\Monster\MonsterController</Filter>
    </ClCompile>
  </ItemGroup>
  <ItemGroup>
    <ClInclude Include="ContentsHelper.h">
      <Filter>ContentsCore &amp; Physics</Filter>
    </ClInclude>
    <ClInclude Include="ContentsCore.h">
      <Filter>ContentsCore &amp; Physics</Filter>
    </ClInclude>
    <ClInclude Include="TitleLogo.h">
      <Filter>Object\Title &amp; Ending Level\TitleLevel\Actor</Filter>
    </ClInclude>
    <ClInclude Include="PlayLevel.h">
      <Filter>Object\PlayLevel</Filter>
    </ClInclude>
    <ClInclude Include="MarioMap.h">
      <Filter>Object\PlayLevel\Actor\Map%28BackGround%29</Filter>
    </ClInclude>
    <ClInclude Include="Mario.h">
      <Filter>Object\PlayLevel\Actor\Mario%28Player%29</Filter>
    </ClInclude>
    <ClInclude Include="Goomba.h">
      <Filter>Object\PlayLevel\Actor\Monster</Filter>
    </ClInclude>
    <ClInclude Include="Troopa.h">
      <Filter>Object\PlayLevel\Actor\Monster</Filter>
    </ClInclude>
    <ClInclude Include="TitleLevel.h">
      <Filter>Object\Title &amp; Ending Level\TitleLevel</Filter>
    </ClInclude>
    <ClInclude Include="GoombaDark.h">
      <Filter>Object\PlayLevel\Actor\Monster</Filter>
    </ClInclude>
    <ClInclude Include="Monster.h">
      <Filter>Object\PlayLevel\Actor\Monster\MonsterController</Filter>
    </ClInclude>
  </ItemGroup>
</Project>